---
lockfileVersion: '9.0'

importers:

  .:
    configDependencies: {}
    packageManagerDependencies:
      pnpm:
        specifier: ~12.0.0
        version: 12.0.0

packages:

  '@pnpm/exe.darwin-arm64@12.0.0':
    resolution: {integrity: sha512-sqeoPfVMIfQhbwzDrKraXY2ynyuWClFqzvfImzAS/yczEru1m5SGvQ9kgFPDvQzJZ9AetedgJeDZC6qYvH8/tQ==}
    cpu: [arm64]
    os: [darwin]

  '@pnpm/exe.darwin-x64@12.0.0':
    resolution: {integrity: sha512-Quc3J6c9cGTy+LDgz1cLVgCNOU9IERuyAlDoEj0DCilKqvo50Jx1GV8k74iwn4J9fFSKkm8JrwNvtTDj3uWnUA==}
    cpu: [x64]
    os: [darwin]

  '@pnpm/exe.linux-arm64-musl@12.0.0':
    resolution: {integrity: sha512-EVWd3OTmgsMFhXx69b5JxIzoabG9Ma7m4OeTaf0ZKBzMnfYi8u21NDQo92ToMrdYL5dYDDCHsyYIjXzk+d0HhA==}
    cpu: [arm64]
    os: [linux]
    libc: [musl]

  '@pnpm/exe.linux-arm64@12.0.0':
    resolution: {integrity: sha512-cXHHW8M4rAPsYNkKZO9WVcpLLK55i9EaIsZPfIqUuY2eopd5LqnFyBge54HCh1GC0yCX8ySn0hYIi+4OyAEoDg==}
    cpu: [arm64]
    os: [linux]
    libc: [glibc]

  '@pnpm/exe.linux-x64-musl@12.0.0':
    resolution: {integrity: sha512-UcXwMdFjly0mpddkGigHKTxe27IMv2fUK4IWW/MHmJ3yMguxXmkwNlEI4aE+G1HO2TLo20uNEUWD4ymLe/DaCQ==}
    cpu: [x64]
    os: [linux]
    libc: [musl]

  '@pnpm/exe.linux-x64@12.0.0':
    resolution: {integrity: sha512-6Rsl+zEWMOmus7v7/9J3OE8EMvHyNAfxYmDfmhQG4J0985OuT3G3Ho9NSGHjkBn4aU4bgklWifRhe1HX8dUSyw==}
    cpu: [x64]
    os: [linux]
    libc: [glibc]

  '@pnpm/exe.win32-arm64@12.0.0':
    resolution: {integrity: sha512-O5F76A4oVFrpDGdFxEszRIThOSBfjHdH5c006gR+7UTCfiXrukr1XfqPungUI1DXcSR5gb9jBsPQqQZOAoOOxw==}
    cpu: [arm64]
    os: [win32]

  '@pnpm/exe.win32-x64@12.0.0':
    resolution: {integrity: sha512-5dKFajIEWJ1ai+KHXFJvskY6vchbunmLwSUV2ywbLymcmJjfY5XJVpgzPCyIoVCMVG0zHorr66+hM8h8b3aRfQ==}
    cpu: [x64]
    os: [win32]

  pnpm@12.0.0:
    resolution: {integrity: sha512-ni49w5EZlYaNyUuBdcIXwn6VQI+gO0oidJd48rNPdzt3zdOznt6BcbIvzVO+ajU0Lp+smUimjvWN9kiM6Jp+Zw==}
    engines: {node: '>=18.*'}
    hasBin: true

snapshots:

  '@pnpm/exe.darwin-arm64@12.0.0':
    optional: true

  '@pnpm/exe.darwin-x64@12.0.0':
    optional: true

  '@pnpm/exe.linux-arm64-musl@12.0.0':
    optional: true

  '@pnpm/exe.linux-arm64@12.0.0':
    optional: true

  '@pnpm/exe.linux-x64-musl@12.0.0':
    optional: true

  '@pnpm/exe.linux-x64@12.0.0':
    optional: true

  '@pnpm/exe.win32-arm64@12.0.0':
    optional: true

  '@pnpm/exe.win32-x64@12.0.0':
    optional: true

  pnpm@12.0.0:
    optionalDependencies:
      '@pnpm/exe.darwin-arm64': 12.0.0
      '@pnpm/exe.darwin-x64': 12.0.0
      '@pnpm/exe.linux-arm64': 12.0.0
      '@pnpm/exe.linux-arm64-musl': 12.0.0
      '@pnpm/exe.linux-x64': 12.0.0
      '@pnpm/exe.linux-x64-musl': 12.0.0
      '@pnpm/exe.win32-arm64': 12.0.0
      '@pnpm/exe.win32-x64': 12.0.0

---
lockfileVersion: '9.0'

settings:
  autoInstallPeers: true
  excludeLinksFromLockfile: false

overrides:
  brace-expansion@<=5.0.7: ^5.0.8
  brace-expansion@>=4.0.0 <5.0.9: ^5.0.9
  chokidar: '>=5'
  fast-uri@<=3.1.1: ^3.1.2
  flatted@<=3.4.1: '>=3.4.2'
  form-data@>=4.0.0 <4.0.6: ^4.0.6
  h3@<1.15.6: '>=1.15.6'
  h3@<1.15.9: '>=1.15.9'
  h3@<=1.15.4: '>=1.15.5'
  h3@<=1.15.8: '>=1.15.9'
  semver: '>=7'
  serialize-javascript@<=7.0.2: '>=7.0.3'
  vite@<=6.4.1: ^6.4.2
  vite@>=7.0.0 <=7.3.1: ^7.3.2
  vite@>=8.0.0 <=8.0.4: '>=8.0.5'
  ws@>=8.0.0 <8.20.1: ^8.20.1

importers:

  .:
    devDependencies:
      node:
        specifier: runtime:^24.20.0
        version: runtime:24.20.0

packages:

  node@runtime:24.20.0:
    resolution:
      type: variations
      variants:
        - resolution:
            archive: tarball
            bin:
              node: bin/node
            integrity: sha256-FLW9etQKtfRxX7Ti+WSFjYINlCX+KR09ZfmJJua4nB4=
            type: binary
            url: https://nodejs.org/download/release/v24.20.0/node-v24.20.0-aix-ppc64.tar.gz
          targets:
            - cpu: ppc64
              os: aix
        - resolution:
            archive: tarball
            bin:
              node: bin/node
            integrity: sha256-QOVgfl7LPbkZJyN3baLXXZZiYPx0p6nnMcG9Z92pa8g=
            type: binary
            url: https://nodejs.org/download/release/v24.20.0/node-v24.20.0-darwin-arm64.tar.gz
          targets:
            - cpu: arm64
              os: darwin
        - resolution:
            archive: tarball
            bin:
              node: bin/node
            integrity: sha256-nlsmRM8Qe++2rvymdrltMpa8EBOAlvAi7TeNYjPtgfQ=
            type: binary
            url: https://nodejs.org/download/release/v24.20.0/node-v24.20.0-darwin-x64.tar.gz
          targets:
            - cpu: x64
              os: darwin
        - resolution:
            archive: tarball
            bin:
              node: bin/node
            integrity: sha256-NRVgPiSHh5o5vHVxbxoq/9AnUAxkulDoRc9yyzMhkBM=
            type: binary
            url: https://nodejs.org/download/release/v24.20.0/node-v24.20.0-linux-arm64.tar.gz
          targets:
            - cpu: arm64
              os: linux
        - resolution:
            archive: tarball
            bin:
              node: bin/node
            integrity: sha256-pzSzbI0dFs5FXA65wymwfdEhwshVQ1UGSphhvJbDrcw=
            type: binary
            url: https://nodejs.org/download/release/v24.20.0/node-v24.20.0-linux-ppc64le.tar.gz
          targets:
            - cpu: ppc64le
              os: linux
        - resolution:
            archive: tarball
            bin:
              node: bin/node
            integrity: sha256-2MIktG7wHweKUj2bfbeSgjBvrigemGoVotv/6UfFMB4=
            type: binary
            url: https://nodejs.org/download/release/v24.20.0/node-v24.20.0-linux-s390x.tar.gz
          targets:
            - cpu: s390x
              os: linux
        - resolution:
            archive: tarball
            bin:
              node: bin/node
            integrity: sha256-1ubRu7mtSssW1YC4m+ipyafkkJJuk708MKINRuFSv4o=
            type: binary
            url: https://nodejs.org/download/release/v24.20.0/node-v24.20.0-linux-x64-musl.tar.gz
          targets:
            - cpu: x64
              os: linux
              libc: musl
        - resolution:
            archive: tarball
            bin:
              node: bin/node
            integrity: sha256-hV1YH4pOsagRfjQm3iX+AncFkv68+zE2mu4f+/7p6Ow=
            type: binary
            url: https://nodejs.org/download/release/v24.20.0/node-v24.20.0-linux-x64.tar.gz
          targets:
            - cpu: x64
              os: linux
        - resolution:
            archive: zip
            bin:
              node: node.exe
            integrity: sha256-McZ5l0TeilRgFkMJgEDGjDaX5WyU5AfWHQ5fpfNBkdc=
            prefix: node-v24.20.0-win-arm64
            type: binary
            url: https://nodejs.org/download/release/v24.20.0/node-v24.20.0-win-arm64.zip
          targets:
            - cpu: arm64
              os: win32
        - resolution:
            archive: zip
            bin:
              node: node.exe
            integrity: sha256-bKyf+8qPakcJHktcdy4GBgScOHHLZ9kAwM7d5jDlRbo=
            prefix: node-v24.20.0-win-x64
            type: binary
            url: https://nodejs.org/download/release/v24.20.0/node-v24.20.0-win-x64.zip
          targets:
            - cpu: x64
              os: win32
        - resolution:
            archive: tarball
            bin:
              node: bin/node
            integrity: sha256-LIxQfMsPIIEtlSa6jKRUsWUqre9o/IutBvB/sRIt0e8=
            type: binary
            url: https://unofficial-builds.nodejs.org/download/release/v24.20.0/node-v24.20.0-linux-arm64-musl.tar.gz
          targets:
            - cpu: arm64
              os: linux
              libc: musl
        - resolution:
            archive: tarball
            bin:
              node: bin/node
            integrity: sha256-muE5n+9L2JkOFXc84TJ7M2oguel9jHVJ9PQspzxD9WI=
            type: binary
            url: https://unofficial-builds.nodejs.org/download/release/v24.20.0/node-v24.20.0-linux-x64-musl.tar.gz
          targets:
            - cpu: x64
              os: linux
              libc: musl
    version: 24.20.0
    hasBin: true

snapshots:

  node@runtime:24.20.0: {}
